
Microsoft Visual Studio Solution File, Format Version 12.00
# Visual Studio 2013
VisualStudioVersion = 12.0.40629.0
MinimumVisualStudioVersion = 10.0.40219.1
Project("{FAE04EC0-301F-11D3-BF4B-00C04F79EFBC}") = "DesignPatterns.Observer", "DesignPatterns_Observer\DesignPatterns.Observer.csproj", "{BE22363F-AB55-45C2-9944-D1B958AE8042}"
EndProject
Project("{FAE04EC0-301F-11D3-BF4B-00C04F79EFBC}") = "DesignPatterns.Strategy", "DesignPatterns.Strategy\DesignPatterns.Strategy.csproj", "{5D18E9B2-5A0F-4D0F-9D59-644B7B2BF6F8}"
EndProject
Project("{FAE04EC0-301F-11D3-BF4B-00C04F79EFBC}") = "DesignPatterns.TemplateMethod", "DesignPatterns.TemplateMethod\DesignPatterns.TemplateMethod.csproj", "{67637210-B1C1-4DC0-87E0-B92220539045}"
EndProject
Project("{FAE04EC0-301F-11D3-BF4B-00C04F79EFBC}") = "DesignPatterns.Visitor", "DesignPatterns.Visitor\DesignPatterns.Visitor.csproj", "{7CD1081D-4A67-4757-906D-53E7894FB3BF}"
EndProject
Project("{FAE04EC0-301F-11D3-BF4B-00C04F79EFBC}") = "FrameworkFundamentals.Strings", "FrameworkFundamentals.Strings\FrameworkFundamentals.Strings.csproj", "{2015D18C-D900-436F-BC1A-9574BD566219}"
EndProject
Project("{FAE04EC0-301F-11D3-BF4B-00C04F79EFBC}") = "FrameworkFundamentals.GarbageCollection", "FrameworkFundamentals.GarbageCollection\FrameworkFundamentals.GarbageCollection.csproj", "{70D2961A-0CA5-4329-A28E-45F16074A7C3}"
EndProject
Project("{2150E333-8FDC-42A3-9474-1A3956D46DE8}") = "DesignPatterns", "DesignPatterns", "{42A23862-EA8F-4FC2-9EAF-68E6F542CC5B}"
EndProject
Project("{2150E333-8FDC-42A3-9474-1A3956D46DE8}") = "FrameworkFundamentals", "FrameworkFundamentals", "{353EAAAF-804E-4215-8F93-95AE9F3F40AC}"
EndProject
Global
	GlobalSection(SolutionConfigurationPlatforms) = preSolution
		Debug|Any CPU = Debug|Any CPU
		Release|Any CPU = Release|Any CPU
	EndGlobalSection
	GlobalSection(ProjectConfigurationPlatforms) = postSolution
		{BE22363F-AB55-45C2-9944-D1B958AE8042}.Debug|Any CPU.ActiveCfg = Debug|Any CPU
		{BE22363F-AB55-45C2-9944-D1B958AE8042}.Debug|Any CPU.Build.0 = Debug|Any CPU
		{BE22363F-AB55-45C2-9944-D1B958AE8042}.Release|Any CPU.ActiveCfg = Release|Any CPU
		{BE22363F-AB55-45C2-9944-D1B958AE8042}.Release|Any CPU.Build.0 = Release|Any CPU
		{5D18E9B2-5A0F-4D0F-9D59-644B7B2BF6F8}.Debug|Any CPU.ActiveCfg = Debug|Any CPU
		{5D18E9B2-5A0F-4D0F-9D59-644B7B2BF6F8}.Debug|Any CPU.Build.0 = Debug|Any CPU
		{5D18E9B2-5A0F-4D0F-9D59-644B7B2BF6F8}.Release|Any CPU.ActiveCfg = Release|Any CPU
		{5D18E9B2-5A0F-4D0F-9D59-644B7B2BF6F8}.Release|Any CPU.Build.0 = Release|Any CPU
		{67637210-B1C1-4DC0-87E0-B92220539045}.Debug|Any CPU.ActiveCfg = Debug|Any CPU
		{67637210-B1C1-4DC0-87E0-B92220539045}.Debug|Any CPU.Build.0 = Debug|Any CPU
		{67637210-B1C1-4DC0-87E0-B92220539045}.Release|Any CPU.ActiveCfg = Release|Any CPU
		{67637210-B1C1-4DC0-87E0-B92220539045}.Release|Any CPU.Build.0 = Release|Any CPU
		{7CD1081D-4A67-4757-906D-53E7894FB3BF}.Debug|Any CPU.ActiveCfg = Debug|Any CPU
		{7CD1081D-4A67-4757-906D-53E7894FB3BF}.Debug|Any CPU.Build.0 = Debug|Any CPU
		{7CD1081D-4A67-4757-906D-53E7894FB3BF}.Release|Any CPU.ActiveCfg = Release|Any CPU
		{7CD1081D-4A67-4757-906D-53E7894FB3BF}.Release|Any CPU.Build.0 = Release|Any CPU
		{2015D18C-D900-436F-BC1A-9574BD566219}.Debug|Any CPU.ActiveCfg = Debug|Any CPU
		{2015D18C-D900-436F-BC1A-9574BD566219}.Debug|Any CPU.Build.0 = Debug|Any CPU
		{2015D18C-D900-436F-BC1A-9574BD566219}.Release|Any CPU.ActiveCfg = Release|Any CPU
		{2015D18C-D900-436F-BC1A-9574BD566219}.Release|Any CPU.Build.0 = Release|Any CPU
		{70D2961A-0CA5-4329-A28E-45F16074A7C3}.Debug|Any CPU.ActiveCfg = Debug|Any CPU
		{70D2961A-0CA5-4329-A28E-45F16074A7C3}.Debug|Any CPU.Build.0 = Debug|Any CPU
		{70D2961A-0CA5-4329-A28E-45F16074A7C3}.Release|Any CPU.ActiveCfg = Release|Any CPU
		{70D2961A-0CA5-4329-A28E-45F16074A7C3}.Release|Any CPU.Build.0 = Release|Any CPU
	EndGlobalSection
	GlobalSection(SolutionProperties) = preSolution
		HideSolutionNode = FALSE
	EndGlobalSection
	GlobalSection(NestedProjects) = preSolution
		{BE22363F-AB55-45C2-9944-D1B958AE8042} = {42A23862-EA8F-4FC2-9EAF-68E6F542CC5B}
		{5D18E9B2-5A0F-4D0F-9D59-644B7B2BF6F8} = {42A23862-EA8F-4FC2-9EAF-68E6F542CC5B}
		{67637210-B1C1-4DC0-87E0-B92220539045} = {42A23862-EA8F-4FC2-9EAF-68E6F542CC5B}
		{7CD1081D-4A67-4757-906D-53E7894FB3BF} = {42A23862-EA8F-4FC2-9EAF-68E6F542CC5B}
		{2015D18C-D900-436F-BC1A-9574BD566219} = {353EAAAF-804E-4215-8F93-95AE9F3F40AC}
		{70D2961A-0CA5-4329-A28E-45F16074A7C3} = {353EAAAF-804E-4215-8F93-95AE9F3F40AC}
	EndGlobalSection
EndGlobal
