
Microsoft Visual Studio Solution File, Format Version 12.00
# Visual Studio 2013
VisualStudioVersion = 12.0.31101.0
MinimumVisualStudioVersion = 10.0.40219.1
Project("{FAE04EC0-301F-11D3-BF4B-00C04F79EFBC}") = "DesignPatterns.Observer", "DesignPatterns_Observer\DesignPatterns.Observer.csproj", "{BE22363F-AB55-45C2-9944-D1B958AE8042}"
EndProject
Project("{FAE04EC0-301F-11D3-BF4B-00C04F79EFBC}") = "DesignPatterns.Strategy", "DesignPatterns.Strategy\DesignPatterns.Strategy.csproj", "{5D18E9B2-5A0F-4D0F-9D59-644B7B2BF6F8}"
EndProject
Project("{FAE04EC0-301F-11D3-BF4B-00C04F79EFBC}") = "DesignPatterns.TemplateMethod", "DesignPatterns.TemplateMethod\DesignPatterns.TemplateMethod.csproj", "{67637210-B1C1-4DC0-87E0-B92220539045}"
EndProject
Project("{FAE04EC0-301F-11D3-BF4B-00C04F79EFBC}") = "DesignPatterns.Visitor", "DesignPatterns.Visitor\DesignPatterns.Visitor.csproj", "{7CD1081D-4A67-4757-906D-53E7894FB3BF}"
EndProject
Project("{FAE04EC0-301F-11D3-BF4B-00C04F79EFBC}") = "FrameworkFundamentals.Strings", "FrameworkFundamentals.Strings\FrameworkFundamentals.Strings.csproj", "{2015D18C-D900-436F-BC1A-9574BD566219}"
EndProject
Project("{FAE04EC0-301F-11D3-BF4B-00C04F79EFBC}") = "FrameworkFundamentals.GarbageCollection", "FrameworkFundamentals.GarbageCollection\FrameworkFundamentals.GarbageCollection.csproj", "{70D2961A-0CA5-4329-A28E-45F16074A7C3}"
EndProject
Project("{2150E333-8FDC-42A3-9474-1A3956D46DE8}") = "DesignPatterns", "DesignPatterns", "{42A23862-EA8F-4FC2-9EAF-68E6F542CC5B}"
EndProject
Project("{2150E333-8FDC-42A3-9474-1A3956D46DE8}") = "FrameworkFundamentals", "FrameworkFundamentals", "{353EAAAF-804E-4215-8F93-95AE9F3F40AC}"
EndProject
Project("{FAE04EC0-301F-11D3-BF4B-00C04F79EFBC}") = "IoCExample", "IoCExample\IoCExample.csproj", "{4C8D6745-6B09-4148-8C1B-E3DC7C24CC70}"
EndProject
Project("{2150E333-8FDC-42A3-9474-1A3956D46DE8}") = "Exam", "Exam", "{8E88B267-AD1A-43C7-AB9F-EB96FD6E9421}"
EndProject
Project("{FAE04EC0-301F-11D3-BF4B-00C04F79EFBC}") = "Practice1", "Practice1\Practice1.csproj", "{9B0410E0-6650-4BCA-BB35-69FACD5A9209}"
EndProject
Project("{FAE04EC0-301F-11D3-BF4B-00C04F79EFBC}") = "Practice2", "Practice2\Practice2.csproj", "{87355809-1393-4D0A-8EDF-0A72A47D90F0}"
EndProject
Project("{FAE04EC0-301F-11D3-BF4B-00C04F79EFBC}") = "Practice3", "Practice3\Practice3.csproj", "{7060DACB-BABE-48A1-8335-1CEDE38C0F48}"
EndProject
Project("{FAE04EC0-301F-11D3-BF4B-00C04F79EFBC}") = "Practice4", "Practice4\Practice4.csproj", "{DCD118C2-4850-43B1-B32E-B6ADE1BBAE85}"
EndProject
Project("{FAE04EC0-301F-11D3-BF4B-00C04F79EFBC}") = "Practice5", "Practice5\Practice5.csproj", "{D8A3D9EE-333E-4776-B9DA-858F8D593667}"
EndProject
Project("{FAE04EC0-301F-11D3-BF4B-00C04F79EFBC}") = "Practice6", "Practice6\Practice6.csproj", "{F0467080-6B17-471A-A0A5-1E8F58599655}"
EndProject
Project("{FAE04EC0-301F-11D3-BF4B-00C04F79EFBC}") = "Practice7", "Practice7\Practice7.csproj", "{C7F815E3-1286-4D72-BD11-EBAAF0F9218B}"
EndProject
Project("{FAE04EC0-301F-11D3-BF4B-00C04F79EFBC}") = "MathOperations", "MathOperations\MathOperations.csproj", "{23E77F6C-E7E7-4C65-BC8E-6AF28105373D}"
EndProject
Project("{FAE04EC0-301F-11D3-BF4B-00C04F79EFBC}") = "App", "App\App.csproj", "{9A8FBDE3-E532-48B0-A089-EF516AC51BF3}"
EndProject
Project("{2150E333-8FDC-42A3-9474-1A3956D46DE8}") = "QueryOverExample", "QueryOverExample", "{9BC884FD-DB10-40D0-B3C8-5C2223F9BD69}"
EndProject
Project("{FAE04EC0-301F-11D3-BF4B-00C04F79EFBC}") = "QueryOverExample.Domain.Model", "QueryOverExample.Domain.Model\QueryOverExample.Domain.Model.csproj", "{E3E7043F-C1D3-4A25-A7A0-F883998568D1}"
EndProject
Project("{FAE04EC0-301F-11D3-BF4B-00C04F79EFBC}") = "QueryOverExample.Domain.Model.Mapping", "QueryOverExample.Domain.Model.Mapping\QueryOverExample.Domain.Model.Mapping.csproj", "{13167732-E56D-4586-98D1-4CDB9A422802}"
EndProject
Project("{FAE04EC0-301F-11D3-BF4B-00C04F79EFBC}") = "QueryOverExample.Presentation", "QueryOverExample.Presentation\QueryOverExample.Presentation.csproj", "{8D082E2E-B82E-4FDA-8C09-F10B68C13572}"
EndProject
Project("{FAE04EC0-301F-11D3-BF4B-00C04F79EFBC}") = "QueryOverExample.Repository", "QueryOverExample.Repository\QueryOverExample.Repository.csproj", "{FBE71BB8-FCA3-4ED2-9A63-B160614034A8}"
EndProject
Project("{FAE04EC0-301F-11D3-BF4B-00C04F79EFBC}") = "QueryOverExample.Repository.Interface", "QueryOverExample.Repository.Interface\QueryOverExample.Repository.Interface.csproj", "{5C1C34D6-0D8C-4DA0-876F-51480F8ABC26}"
EndProject
Project("{FAE04EC0-301F-11D3-BF4B-00C04F79EFBC}") = "QueryOverExample.Infrastructure", "QueryOverExample.Infrastructure\QueryOverExample.Infrastructure.csproj", "{90AC09E7-4BF3-47DD-922D-31D0952EA151}"
EndProject
Project("{FAE04EC0-301F-11D3-BF4B-00C04F79EFBC}") = "QueryOverExample.Tests", "QueryOverExample.Tests\QueryOverExample.Tests.csproj", "{0B79AB33-1CEB-4376-9AE2-32A5E36272E7}"
EndProject
Global
	GlobalSection(SolutionConfigurationPlatforms) = preSolution
		Debug|Any CPU = Debug|Any CPU
		Release|Any CPU = Release|Any CPU
	EndGlobalSection
	GlobalSection(ProjectConfigurationPlatforms) = postSolution
		{BE22363F-AB55-45C2-9944-D1B958AE8042}.Debug|Any CPU.ActiveCfg = Debug|Any CPU
		{BE22363F-AB55-45C2-9944-D1B958AE8042}.Debug|Any CPU.Build.0 = Debug|Any CPU
		{BE22363F-AB55-45C2-9944-D1B958AE8042}.Release|Any CPU.ActiveCfg = Release|Any CPU
		{BE22363F-AB55-45C2-9944-D1B958AE8042}.Release|Any CPU.Build.0 = Release|Any CPU
		{5D18E9B2-5A0F-4D0F-9D59-644B7B2BF6F8}.Debug|Any CPU.ActiveCfg = Debug|Any CPU
		{5D18E9B2-5A0F-4D0F-9D59-644B7B2BF6F8}.Debug|Any CPU.Build.0 = Debug|Any CPU
		{5D18E9B2-5A0F-4D0F-9D59-644B7B2BF6F8}.Release|Any CPU.ActiveCfg = Release|Any CPU
		{5D18E9B2-5A0F-4D0F-9D59-644B7B2BF6F8}.Release|Any CPU.Build.0 = Release|Any CPU
		{67637210-B1C1-4DC0-87E0-B92220539045}.Debug|Any CPU.ActiveCfg = Debug|Any CPU
		{67637210-B1C1-4DC0-87E0-B92220539045}.Debug|Any CPU.Build.0 = Debug|Any CPU
		{67637210-B1C1-4DC0-87E0-B92220539045}.Release|Any CPU.ActiveCfg = Release|Any CPU
		{67637210-B1C1-4DC0-87E0-B92220539045}.Release|Any CPU.Build.0 = Release|Any CPU
		{7CD1081D-4A67-4757-906D-53E7894FB3BF}.Debug|Any CPU.ActiveCfg = Debug|Any CPU
		{7CD1081D-4A67-4757-906D-53E7894FB3BF}.Debug|Any CPU.Build.0 = Debug|Any CPU
		{7CD1081D-4A67-4757-906D-53E7894FB3BF}.Release|Any CPU.ActiveCfg = Release|Any CPU
		{7CD1081D-4A67-4757-906D-53E7894FB3BF}.Release|Any CPU.Build.0 = Release|Any CPU
		{2015D18C-D900-436F-BC1A-9574BD566219}.Debug|Any CPU.ActiveCfg = Debug|Any CPU
		{2015D18C-D900-436F-BC1A-9574BD566219}.Debug|Any CPU.Build.0 = Debug|Any CPU
		{2015D18C-D900-436F-BC1A-9574BD566219}.Release|Any CPU.ActiveCfg = Release|Any CPU
		{2015D18C-D900-436F-BC1A-9574BD566219}.Release|Any CPU.Build.0 = Release|Any CPU
		{70D2961A-0CA5-4329-A28E-45F16074A7C3}.Debug|Any CPU.ActiveCfg = Debug|Any CPU
		{70D2961A-0CA5-4329-A28E-45F16074A7C3}.Debug|Any CPU.Build.0 = Debug|Any CPU
		{70D2961A-0CA5-4329-A28E-45F16074A7C3}.Release|Any CPU.ActiveCfg = Release|Any CPU
		{70D2961A-0CA5-4329-A28E-45F16074A7C3}.Release|Any CPU.Build.0 = Release|Any CPU
		{4C8D6745-6B09-4148-8C1B-E3DC7C24CC70}.Debug|Any CPU.ActiveCfg = Debug|Any CPU
		{4C8D6745-6B09-4148-8C1B-E3DC7C24CC70}.Debug|Any CPU.Build.0 = Debug|Any CPU
		{4C8D6745-6B09-4148-8C1B-E3DC7C24CC70}.Release|Any CPU.ActiveCfg = Release|Any CPU
		{4C8D6745-6B09-4148-8C1B-E3DC7C24CC70}.Release|Any CPU.Build.0 = Release|Any CPU
		{9B0410E0-6650-4BCA-BB35-69FACD5A9209}.Debug|Any CPU.ActiveCfg = Debug|Any CPU
		{9B0410E0-6650-4BCA-BB35-69FACD5A9209}.Debug|Any CPU.Build.0 = Debug|Any CPU
		{9B0410E0-6650-4BCA-BB35-69FACD5A9209}.Release|Any CPU.ActiveCfg = Release|Any CPU
		{9B0410E0-6650-4BCA-BB35-69FACD5A9209}.Release|Any CPU.Build.0 = Release|Any CPU
		{87355809-1393-4D0A-8EDF-0A72A47D90F0}.Debug|Any CPU.ActiveCfg = Debug|Any CPU
		{87355809-1393-4D0A-8EDF-0A72A47D90F0}.Debug|Any CPU.Build.0 = Debug|Any CPU
		{87355809-1393-4D0A-8EDF-0A72A47D90F0}.Release|Any CPU.ActiveCfg = Release|Any CPU
		{87355809-1393-4D0A-8EDF-0A72A47D90F0}.Release|Any CPU.Build.0 = Release|Any CPU
		{7060DACB-BABE-48A1-8335-1CEDE38C0F48}.Debug|Any CPU.ActiveCfg = Debug|Any CPU
		{7060DACB-BABE-48A1-8335-1CEDE38C0F48}.Debug|Any CPU.Build.0 = Debug|Any CPU
		{7060DACB-BABE-48A1-8335-1CEDE38C0F48}.Release|Any CPU.ActiveCfg = Release|Any CPU
		{7060DACB-BABE-48A1-8335-1CEDE38C0F48}.Release|Any CPU.Build.0 = Release|Any CPU
		{DCD118C2-4850-43B1-B32E-B6ADE1BBAE85}.Debug|Any CPU.ActiveCfg = Debug|Any CPU
		{DCD118C2-4850-43B1-B32E-B6ADE1BBAE85}.Debug|Any CPU.Build.0 = Debug|Any CPU
		{DCD118C2-4850-43B1-B32E-B6ADE1BBAE85}.Release|Any CPU.ActiveCfg = Release|Any CPU
		{DCD118C2-4850-43B1-B32E-B6ADE1BBAE85}.Release|Any CPU.Build.0 = Release|Any CPU
		{D8A3D9EE-333E-4776-B9DA-858F8D593667}.Debug|Any CPU.ActiveCfg = Debug|Any CPU
		{D8A3D9EE-333E-4776-B9DA-858F8D593667}.Debug|Any CPU.Build.0 = Debug|Any CPU
		{D8A3D9EE-333E-4776-B9DA-858F8D593667}.Release|Any CPU.ActiveCfg = Release|Any CPU
		{D8A3D9EE-333E-4776-B9DA-858F8D593667}.Release|Any CPU.Build.0 = Release|Any CPU
		{F0467080-6B17-471A-A0A5-1E8F58599655}.Debug|Any CPU.ActiveCfg = Debug|Any CPU
		{F0467080-6B17-471A-A0A5-1E8F58599655}.Debug|Any CPU.Build.0 = Debug|Any CPU
		{F0467080-6B17-471A-A0A5-1E8F58599655}.Release|Any CPU.ActiveCfg = Release|Any CPU
		{F0467080-6B17-471A-A0A5-1E8F58599655}.Release|Any CPU.Build.0 = Release|Any CPU
		{C7F815E3-1286-4D72-BD11-EBAAF0F9218B}.Debug|Any CPU.ActiveCfg = Debug|Any CPU
		{C7F815E3-1286-4D72-BD11-EBAAF0F9218B}.Debug|Any CPU.Build.0 = Debug|Any CPU
		{C7F815E3-1286-4D72-BD11-EBAAF0F9218B}.Release|Any CPU.ActiveCfg = Release|Any CPU
		{C7F815E3-1286-4D72-BD11-EBAAF0F9218B}.Release|Any CPU.Build.0 = Release|Any CPU
		{23E77F6C-E7E7-4C65-BC8E-6AF28105373D}.Debug|Any CPU.ActiveCfg = Debug|Any CPU
		{23E77F6C-E7E7-4C65-BC8E-6AF28105373D}.Debug|Any CPU.Build.0 = Debug|Any CPU
		{23E77F6C-E7E7-4C65-BC8E-6AF28105373D}.Release|Any CPU.ActiveCfg = Release|Any CPU
		{23E77F6C-E7E7-4C65-BC8E-6AF28105373D}.Release|Any CPU.Build.0 = Release|Any CPU
		{9A8FBDE3-E532-48B0-A089-EF516AC51BF3}.Debug|Any CPU.ActiveCfg = Debug|Any CPU
		{9A8FBDE3-E532-48B0-A089-EF516AC51BF3}.Debug|Any CPU.Build.0 = Debug|Any CPU
		{9A8FBDE3-E532-48B0-A089-EF516AC51BF3}.Release|Any CPU.ActiveCfg = Release|Any CPU
		{9A8FBDE3-E532-48B0-A089-EF516AC51BF3}.Release|Any CPU.Build.0 = Release|Any CPU
		{E3E7043F-C1D3-4A25-A7A0-F883998568D1}.Debug|Any CPU.ActiveCfg = Debug|Any CPU
		{E3E7043F-C1D3-4A25-A7A0-F883998568D1}.Debug|Any CPU.Build.0 = Debug|Any CPU
		{E3E7043F-C1D3-4A25-A7A0-F883998568D1}.Release|Any CPU.ActiveCfg = Release|Any CPU
		{E3E7043F-C1D3-4A25-A7A0-F883998568D1}.Release|Any CPU.Build.0 = Release|Any CPU
		{13167732-E56D-4586-98D1-4CDB9A422802}.Debug|Any CPU.ActiveCfg = Debug|Any CPU
		{13167732-E56D-4586-98D1-4CDB9A422802}.Debug|Any CPU.Build.0 = Debug|Any CPU
		{13167732-E56D-4586-98D1-4CDB9A422802}.Release|Any CPU.ActiveCfg = Release|Any CPU
		{13167732-E56D-4586-98D1-4CDB9A422802}.Release|Any CPU.Build.0 = Release|Any CPU
		{8D082E2E-B82E-4FDA-8C09-F10B68C13572}.Debug|Any CPU.ActiveCfg = Debug|Any CPU
		{8D082E2E-B82E-4FDA-8C09-F10B68C13572}.Debug|Any CPU.Build.0 = Debug|Any CPU
		{8D082E2E-B82E-4FDA-8C09-F10B68C13572}.Release|Any CPU.ActiveCfg = Release|Any CPU
		{8D082E2E-B82E-4FDA-8C09-F10B68C13572}.Release|Any CPU.Build.0 = Release|Any CPU
		{FBE71BB8-FCA3-4ED2-9A63-B160614034A8}.Debug|Any CPU.ActiveCfg = Debug|Any CPU
		{FBE71BB8-FCA3-4ED2-9A63-B160614034A8}.Debug|Any CPU.Build.0 = Debug|Any CPU
		{FBE71BB8-FCA3-4ED2-9A63-B160614034A8}.Release|Any CPU.ActiveCfg = Release|Any CPU
		{FBE71BB8-FCA3-4ED2-9A63-B160614034A8}.Release|Any CPU.Build.0 = Release|Any CPU
		{5C1C34D6-0D8C-4DA0-876F-51480F8ABC26}.Debug|Any CPU.ActiveCfg = Debug|Any CPU
		{5C1C34D6-0D8C-4DA0-876F-51480F8ABC26}.Debug|Any CPU.Build.0 = Debug|Any CPU
		{5C1C34D6-0D8C-4DA0-876F-51480F8ABC26}.Release|Any CPU.ActiveCfg = Release|Any CPU
		{5C1C34D6-0D8C-4DA0-876F-51480F8ABC26}.Release|Any CPU.Build.0 = Release|Any CPU
		{90AC09E7-4BF3-47DD-922D-31D0952EA151}.Debug|Any CPU.ActiveCfg = Debug|Any CPU
		{90AC09E7-4BF3-47DD-922D-31D0952EA151}.Debug|Any CPU.Build.0 = Debug|Any CPU
		{90AC09E7-4BF3-47DD-922D-31D0952EA151}.Release|Any CPU.ActiveCfg = Release|Any CPU
		{90AC09E7-4BF3-47DD-922D-31D0952EA151}.Release|Any CPU.Build.0 = Release|Any CPU
		{0B79AB33-1CEB-4376-9AE2-32A5E36272E7}.Debug|Any CPU.ActiveCfg = Debug|Any CPU
		{0B79AB33-1CEB-4376-9AE2-32A5E36272E7}.Debug|Any CPU.Build.0 = Debug|Any CPU
		{0B79AB33-1CEB-4376-9AE2-32A5E36272E7}.Release|Any CPU.ActiveCfg = Release|Any CPU
		{0B79AB33-1CEB-4376-9AE2-32A5E36272E7}.Release|Any CPU.Build.0 = Release|Any CPU
	EndGlobalSection
	GlobalSection(SolutionProperties) = preSolution
		HideSolutionNode = FALSE
	EndGlobalSection
	GlobalSection(NestedProjects) = preSolution
		{BE22363F-AB55-45C2-9944-D1B958AE8042} = {42A23862-EA8F-4FC2-9EAF-68E6F542CC5B}
		{5D18E9B2-5A0F-4D0F-9D59-644B7B2BF6F8} = {42A23862-EA8F-4FC2-9EAF-68E6F542CC5B}
		{67637210-B1C1-4DC0-87E0-B92220539045} = {42A23862-EA8F-4FC2-9EAF-68E6F542CC5B}
		{7CD1081D-4A67-4757-906D-53E7894FB3BF} = {42A23862-EA8F-4FC2-9EAF-68E6F542CC5B}
		{2015D18C-D900-436F-BC1A-9574BD566219} = {353EAAAF-804E-4215-8F93-95AE9F3F40AC}
		{70D2961A-0CA5-4329-A28E-45F16074A7C3} = {353EAAAF-804E-4215-8F93-95AE9F3F40AC}
		{9B0410E0-6650-4BCA-BB35-69FACD5A9209} = {8E88B267-AD1A-43C7-AB9F-EB96FD6E9421}
		{87355809-1393-4D0A-8EDF-0A72A47D90F0} = {8E88B267-AD1A-43C7-AB9F-EB96FD6E9421}
		{7060DACB-BABE-48A1-8335-1CEDE38C0F48} = {8E88B267-AD1A-43C7-AB9F-EB96FD6E9421}
		{DCD118C2-4850-43B1-B32E-B6ADE1BBAE85} = {8E88B267-AD1A-43C7-AB9F-EB96FD6E9421}
		{D8A3D9EE-333E-4776-B9DA-858F8D593667} = {8E88B267-AD1A-43C7-AB9F-EB96FD6E9421}
		{F0467080-6B17-471A-A0A5-1E8F58599655} = {8E88B267-AD1A-43C7-AB9F-EB96FD6E9421}
		{C7F815E3-1286-4D72-BD11-EBAAF0F9218B} = {8E88B267-AD1A-43C7-AB9F-EB96FD6E9421}
		{E3E7043F-C1D3-4A25-A7A0-F883998568D1} = {9BC884FD-DB10-40D0-B3C8-5C2223F9BD69}
		{13167732-E56D-4586-98D1-4CDB9A422802} = {9BC884FD-DB10-40D0-B3C8-5C2223F9BD69}
		{8D082E2E-B82E-4FDA-8C09-F10B68C13572} = {9BC884FD-DB10-40D0-B3C8-5C2223F9BD69}
		{FBE71BB8-FCA3-4ED2-9A63-B160614034A8} = {9BC884FD-DB10-40D0-B3C8-5C2223F9BD69}
		{5C1C34D6-0D8C-4DA0-876F-51480F8ABC26} = {9BC884FD-DB10-40D0-B3C8-5C2223F9BD69}
		{90AC09E7-4BF3-47DD-922D-31D0952EA151} = {9BC884FD-DB10-40D0-B3C8-5C2223F9BD69}
		{0B79AB33-1CEB-4376-9AE2-32A5E36272E7} = {9BC884FD-DB10-40D0-B3C8-5C2223F9BD69}
	EndGlobalSection
EndGlobal
